
Microsoft Visual Studio Solution File, Format Version 12.00
Project("{FAE04EC0-301F-11D3-BF4B-00C04F79EFBC}") = "testNet", "testNet\testNet.csproj", "{C2B2E225-D4A0-4814-B322-3B4C118B2413}"
EndProject
Global
	GlobalSection(SolutionConfigurationPlatforms) = preSolution
		Debug|Any CPU = Debug|Any CPU
		Release|Any CPU = Release|Any CPU
	EndGlobalSection
	GlobalSection(ProjectConfigurationPlatforms) = postSolution
		{C2B2E225-D4A0-4814-B322-3B4C118B2413}.Debug|Any CPU.ActiveCfg = Debug|Any CPU
		{C2B2E225-D4A0-4814-B322-3B4C118B2413}.Debug|Any CPU.Build.0 = Debug|Any CPU
		{C2B2E225-D4A0-4814-B322-3B4C118B2413}.Release|Any CPU.ActiveCfg = Release|Any CPU
		{C2B2E225-D4A0-4814-B322-3B4C118B2413}.Release|Any CPU.Build.0 = Release|Any CPU
	EndGlobalSection
EndGlobal
